
Microsoft Visual Studio Solution File, Format Version 12.00
# Visual Studio Version 17
VisualStudioVersion = 17.3.32929.385
MinimumVisualStudioVersion = 10.0.40219.1
Project("{FAE04EC0-301F-11D3-BF4B-00C04F79EFBC}") = "SwagLabFinalExam", "SwagLabFinalExam\SwagLabFinalExam.csproj", "{CDE0AB03-530B-4006-94D2-17076226978F}"
EndProject
Global
	GlobalSection(SolutionConfigurationPlatforms) = preSolution
		Debug|Any CPU = Debug|Any CPU
		Release|Any CPU = Release|Any CPU
	EndGlobalSection
	GlobalSection(ProjectConfigurationPlatforms) = postSolution
		{CDE0AB03-530B-4006-94D2-17076226978F}.Debug|Any CPU.ActiveCfg = Debug|Any CPU
		{CDE0AB03-530B-4006-94D2-17076226978F}.Debug|Any CPU.Build.0 = Debug|Any CPU
		{CDE0AB03-530B-4006-94D2-17076226978F}.Release|Any CPU.ActiveCfg = Release|Any CPU
		{CDE0AB03-530B-4006-94D2-17076226978F}.Release|Any CPU.Build.0 = Release|Any CPU
	EndGlobalSection
	GlobalSection(SolutionProperties) = preSolution
		HideSolutionNode = FALSE
	EndGlobalSection
	GlobalSection(ExtensibilityGlobals) = postSolution
		SolutionGuid = {D3FD3A14-B43F-4C2C-8A0E-399C02F4B8F9}
	EndGlobalSection
EndGlobal
